// !$*UTF8*$!
{
	archiveVersion = 1;
	classes = {
	};
	objectVersion = 50;
	objects = {

/* Begin PBXBuildFile section */
		5E18E7A22414CDC000CC4834 /* TranslationViewController.swift in Sources */ = {isa = PBXBuildFile; fileRef = 5E18E7A12414CDC000CC4834 /* TranslationViewController.swift */; };
		5E18E7A52414E65900CC4834 /* HiraganaTranslatorModel.swift in Sources */ = {isa = PBXBuildFile; fileRef = 5E18E7A42414E65900CC4834 /* HiraganaTranslatorModel.swift */; };
		5E18E7A72414E66F00CC4834 /* HiraganaTranslatorAPI.swift in Sources */ = {isa = PBXBuildFile; fileRef = 5E18E7A62414E66F00CC4834 /* HiraganaTranslatorAPI.swift */; };
		5E18E7A92414E67B00CC4834 /* HiraganaTranslatorEntity.swift in Sources */ = {isa = PBXBuildFile; fileRef = 5E18E7A82414E67B00CC4834 /* HiraganaTranslatorEntity.swift */; };
		5E18E7AB2414EAE200CC4834 /* AppRequestType.swift in Sources */ = {isa = PBXBuildFile; fileRef = 5E18E7AA2414EAE200CC4834 /* AppRequestType.swift */; };
		5E18E7AD2414ECBA00CC4834 /* APIRoutes.swift in Sources */ = {isa = PBXBuildFile; fileRef = 5E18E7AC2414ECBA00CC4834 /* APIRoutes.swift */; };
		5E18E7B22415031E00CC4834 /* APIKit.framework in Frameworks */ = {isa = PBXBuildFile; fileRef = 5E18E7B02414EF1700CC4834 /* APIKit.framework */; };
		5E18E7B52415346E00CC4834 /* AppConst.swift in Sources */ = {isa = PBXBuildFile; fileRef = 5E18E7B42415346E00CC4834 /* AppConst.swift */; };
		5E8A611A241144CD00B16CCC /* AppDelegate.swift in Sources */ = {isa = PBXBuildFile; fileRef = 5E8A6119241144CD00B16CCC /* AppDelegate.swift */; };
		5E8A6121241144CF00B16CCC /* Assets.xcassets in Resources */ = {isa = PBXBuildFile; fileRef = 5E8A6120241144CF00B16CCC /* Assets.xcassets */; };
		5E8A6124241144CF00B16CCC /* LaunchScreen.storyboard in Resources */ = {isa = PBXBuildFile; fileRef = 5E8A6122241144CF00B16CCC /* LaunchScreen.storyboard */; };
		5EC2AC7824169042006A1113 /* UIView-extensions.swift in Sources */ = {isa = PBXBuildFile; fileRef = 5EC2AC7724169042006A1113 /* UIView-extensions.swift */; };
		5EF7C3672411DBBE00CF3F60 /* TranslationViewController.xib in Resources */ = {isa = PBXBuildFile; fileRef = 5EF7C3662411DBBE00CF3F60 /* TranslationViewController.xib */; };
/* End PBXBuildFile section */

/* Begin PBXFileReference section */
		5E18E7A12414CDC000CC4834 /* TranslationViewController.swift */ = {isa = PBXFileReference; lastKnownFileType = sourcecode.swift; path = TranslationViewController.swift; sourceTree = "<group>"; };
		5E18E7A42414E65900CC4834 /* HiraganaTranslatorModel.swift */ = {isa = PBXFileReference; lastKnownFileType = sourcecode.swift; path = HiraganaTranslatorModel.swift; sourceTree = "<group>"; };
		5E18E7A62414E66F00CC4834 /* HiraganaTranslatorAPI.swift */ = {isa = PBXFileReference; lastKnownFileType = sourcecode.swift; path = HiraganaTranslatorAPI.swift; sourceTree = "<group>"; };
		5E18E7A82414E67B00CC4834 /* HiraganaTranslatorEntity.swift */ = {isa = PBXFileReference; lastKnownFileType = sourcecode.swift; path = HiraganaTranslatorEntity.swift; sourceTree = "<group>"; };
		5E18E7AA2414EAE200CC4834 /* AppRequestType.swift */ = {isa = PBXFileReference; lastKnownFileType = sourcecode.swift; path = AppRequestType.swift; sourceTree = "<group>"; };
		5E18E7AC2414ECBA00CC4834 /* APIRoutes.swift */ = {isa = PBXFileReference; lastKnownFileType = sourcecode.swift; path = APIRoutes.swift; sourceTree = "<group>"; };
		5E18E7B02414EF1700CC4834 /* APIKit.framework */ = {isa = PBXFileReference; lastKnownFileType = wrapper.framework; name = APIKit.framework; path = Carthage/Build/iOS/APIKit.framework; sourceTree = "<group>"; };
		5E18E7B42415346E00CC4834 /* AppConst.swift */ = {isa = PBXFileReference; lastKnownFileType = sourcecode.swift; path = AppConst.swift; sourceTree = "<group>"; };
		5E8A6116241144CD00B16CCC /* HiraganaTranslationApp.app */ = {isa = PBXFileReference; explicitFileType = wrapper.application; includeInIndex = 0; path = HiraganaTranslationApp.app; sourceTree = BUILT_PRODUCTS_DIR; };
		5E8A6119241144CD00B16CCC /* AppDelegate.swift */ = {isa = PBXFileReference; lastKnownFileType = sourcecode.swift; path = AppDelegate.swift; sourceTree = "<group>"; };
		5E8A6120241144CF00B16CCC /* Assets.xcassets */ = {isa = PBXFileReference; lastKnownFileType = folder.assetcatalog; path = Assets.xcassets; sourceTree = "<group>"; };
		5E8A6123241144CF00B16CCC /* Base */ = {isa = PBXFileReference; lastKnownFileType = file.storyboard; name = Base; path = Base.lproj/LaunchScreen.storyboard; sourceTree = "<group>"; };
		5E8A6125241144CF00B16CCC /* Info.plist */ = {isa = PBXFileReference; lastKnownFileType = text.plist.xml; path = Info.plist; sourceTree = "<group>"; };
		5EC2AC7724169042006A1113 /* UIView-extensions.swift */ = {isa = PBXFileReference; lastKnownFileType = sourcecode.swift; path = "UIView-extensions.swift"; sourceTree = "<group>"; };
		5EF7C3662411DBBE00CF3F60 /* TranslationViewController.xib */ = {isa = PBXFileReference; lastKnownFileType = file.xib; path = TranslationViewController.xib; sourceTree = "<group>"; };
/* End PBXFileReference section */

/* Begin PBXFrameworksBuildPhase section */
		5E8A6113241144CD00B16CCC /* Frameworks */ = {
			isa = PBXFrameworksBuildPhase;
			buildActionMask = 2147483647;
			files = (
				5E18E7B22415031E00CC4834 /* APIKit.framework in Frameworks */,
			);
			runOnlyForDeploymentPostprocessing = 0;
		};
/* End PBXFrameworksBuildPhase section */

/* Begin PBXGroup section */
		5E18E7A32414E55B00CC4834 /* Models */ = {
			isa = PBXGroup;
			children = (
				5E18E7B82415416200CC4834 /* HiraganaTranslator */,
				5E18E7AA2414EAE200CC4834 /* AppRequestType.swift */,
				5E18E7AC2414ECBA00CC4834 /* APIRoutes.swift */,
			);
			path = Models;
			sourceTree = "<group>";
		};
		5E18E7AF2414EF1700CC4834 /* Frameworks */ = {
			isa = PBXGroup;
			children = (
				5E18E7B02414EF1700CC4834 /* APIKit.framework */,
			);
			name = Frameworks;
			sourceTree = "<group>";
		};
		5E18E7B32415345700CC4834 /* Commons */ = {
			isa = PBXGroup;
			children = (
				5EC2AC7624168FFD006A1113 /* Extensions */,
				5E18E7B42415346E00CC4834 /* AppConst.swift */,
			);
			path = Commons;
			sourceTree = "<group>";
		};
		5E18E7B6241540AC00CC4834 /* Resources */ = {
			isa = PBXGroup;
			children = (
				5E8A6119241144CD00B16CCC /* AppDelegate.swift */,
				5E8A6120241144CF00B16CCC /* Assets.xcassets */,
				5E8A6122241144CF00B16CCC /* LaunchScreen.storyboard */,
				5E8A6125241144CF00B16CCC /* Info.plist */,
			);
			path = Resources;
			sourceTree = "<group>";
		};
		5E18E7B7241540BB00CC4834 /* Controllers */ = {
			isa = PBXGroup;
			children = (
				5E8EF65E24163B940070CE8B /* HiraganaTranslator */,
			);
			path = Controllers;
			sourceTree = "<group>";
		};
		5E18E7B82415416200CC4834 /* HiraganaTranslator */ = {
			isa = PBXGroup;
			children = (
				5E18E7A62414E66F00CC4834 /* HiraganaTranslatorAPI.swift */,
				5E18E7A82414E67B00CC4834 /* HiraganaTranslatorEntity.swift */,
				5E18E7A42414E65900CC4834 /* HiraganaTranslatorModel.swift */,
			);
			path = HiraganaTranslator;
			sourceTree = "<group>";
		};
		5E8A610D241144CD00B16CCC = {
			isa = PBXGroup;
			children = (
				5E8A6118241144CD00B16CCC /* HiraganaTranslationApp */,
				5E8A6117241144CD00B16CCC /* Products */,
				5E18E7AF2414EF1700CC4834 /* Frameworks */,
			);
			sourceTree = "<group>";
		};
		5E8A6117241144CD00B16CCC /* Products */ = {
			isa = PBXGroup;
			children = (
				5E8A6116241144CD00B16CCC /* HiraganaTranslationApp.app */,
			);
			name = Products;
			sourceTree = "<group>";
		};
		5E8A6118241144CD00B16CCC /* HiraganaTranslationApp */ = {
			isa = PBXGroup;
			children = (
				5E18E7B32415345700CC4834 /* Commons */,
				5E18E7B7241540BB00CC4834 /* Controllers */,
				5E18E7A32414E55B00CC4834 /* Models */,
				5E8EF65C24163AF80070CE8B /* Views */,
				5E18E7B6241540AC00CC4834 /* Resources */,
			);
			path = HiraganaTranslationApp;
			sourceTree = "<group>";
		};
		5E8EF65C24163AF80070CE8B /* Views */ = {
			isa = PBXGroup;
			children = (
				5E8EF65D24163B3D0070CE8B /* HiraganaTranslator */,
			);
			path = Views;
			sourceTree = "<group>";
		};
		5E8EF65D24163B3D0070CE8B /* HiraganaTranslator */ = {
			isa = PBXGroup;
			children = (
				5EF7C3662411DBBE00CF3F60 /* TranslationViewController.xib */,
			);
			path = HiraganaTranslator;
			sourceTree = "<group>";
		};
		5E8EF65E24163B940070CE8B /* HiraganaTranslator */ = {
			isa = PBXGroup;
			children = (
				5E18E7A12414CDC000CC4834 /* TranslationViewController.swift */,
			);
			path = HiraganaTranslator;
			sourceTree = "<group>";
		};
		5EC2AC7624168FFD006A1113 /* Extensions */ = {
			isa = PBXGroup;
			children = (
				5EC2AC7724169042006A1113 /* UIView-extensions.swift */,
			);
			path = Extensions;
			sourceTree = "<group>";
		};
/* End PBXGroup section */

/* Begin PBXNativeTarget section */
		5E8A6115241144CD00B16CCC /* HiraganaTranslationApp */ = {
			isa = PBXNativeTarget;
			buildConfigurationList = 5E8A6128241144CF00B16CCC /* Build configuration list for PBXNativeTarget "HiraganaTranslationApp" */;
			buildPhases = (
				5E8A6112241144CD00B16CCC /* Sources */,
				5E8A6113241144CD00B16CCC /* Frameworks */,
				5E8A6114241144CD00B16CCC /* Resources */,
				5E8A612B24114DDD00B16CCC /* Run Script(SwiftLint) */,
				5E18E7AE2414EEEF00CC4834 /* Run Script(Carthage) */,
			);
			buildRules = (
			);
			dependencies = (
			);
			name = HiraganaTranslationApp;
			productName = HiraganaTranslationApp;
			productReference = 5E8A6116241144CD00B16CCC /* HiraganaTranslationApp.app */;
			productType = "com.apple.product-type.application";
		};
/* End PBXNativeTarget section */

/* Begin PBXProject section */
		5E8A610E241144CD00B16CCC /* Project object */ = {
			isa = PBXProject;
			attributes = {
				LastSwiftUpdateCheck = 1020;
				LastUpgradeCheck = 1020;
				ORGANIZATIONNAME = "Shunta Nabezawa";
				TargetAttributes = {
					5E8A6115241144CD00B16CCC = {
						CreatedOnToolsVersion = 10.2;
					};
				};
			};
			buildConfigurationList = 5E8A6111241144CD00B16CCC /* Build configuration list for PBXProject "HiraganaTranslationApp" */;
			compatibilityVersion = "Xcode 9.3";
			developmentRegion = en;
			hasScannedForEncodings = 0;
			knownRegions = (
				en,
				Base,
			);
			mainGroup = 5E8A610D241144CD00B16CCC;
			productRefGroup = 5E8A6117241144CD00B16CCC /* Products */;
			projectDirPath = "";
			projectRoot = "";
			targets = (
				5E8A6115241144CD00B16CCC /* HiraganaTranslationApp */,
			);
		};
/* End PBXProject section */

/* Begin PBXResourcesBuildPhase section */
		5E8A6114241144CD00B16CCC /* Resources */ = {
			isa = PBXResourcesBuildPhase;
			buildActionMask = 2147483647;
			files = (
				5EF7C3672411DBBE00CF3F60 /* TranslationViewController.xib in Resources */,
				5E8A6124241144CF00B16CCC /* LaunchScreen.storyboard in Resources */,
				5E8A6121241144CF00B16CCC /* Assets.xcassets in Resources */,
			);
			runOnlyForDeploymentPostprocessing = 0;
		};
/* End PBXResourcesBuildPhase section */

/* Begin PBXShellScriptBuildPhase section */
		5E18E7AE2414EEEF00CC4834 /* Run Script(Carthage) */ = {
			isa = PBXShellScriptBuildPhase;
			buildActionMask = 2147483647;
			files = (
			);
			inputFileListPaths = (
			);
			inputPaths = (
				"$(SRCROOT)/Carthage/Build/iOS/APIKit.framework",
			);
			name = "Run Script(Carthage)";
			outputFileListPaths = (
			);
			outputPaths = (
			);
			runOnlyForDeploymentPostprocessing = 0;
			shellPath = /bin/sh;
			shellScript = "/usr/local/bin/carthage copy-frameworks\n";
		};
		5E8A612B24114DDD00B16CCC /* Run Script(SwiftLint) */ = {
			isa = PBXShellScriptBuildPhase;
			buildActionMask = 2147483647;
			files = (
			);
			inputFileListPaths = (
			);
			inputPaths = (
			);
			name = "Run Script(SwiftLint)";
			outputFileListPaths = (
			);
			outputPaths = (
			);
			runOnlyForDeploymentPostprocessing = 0;
			shellPath = /bin/sh;
			shellScript = "if which swiftlint >/dev/null; then\nswiftlint autocorrect --format\nswiftlint\nelse\necho \"SwiftLint does not exist, download from https://github.com/realm/SwiftLint\"\nfi\n";
		};
/* End PBXShellScriptBuildPhase section */

/* Begin PBXSourcesBuildPhase section */
		5E8A6112241144CD00B16CCC /* Sources */ = {
			isa = PBXSourcesBuildPhase;
			buildActionMask = 2147483647;
			files = (
				5E18E7AD2414ECBA00CC4834 /* APIRoutes.swift in Sources */,
				5E18E7A52414E65900CC4834 /* HiraganaTranslatorModel.swift in Sources */,
				5E18E7AB2414EAE200CC4834 /* AppRequestType.swift in Sources */,
				5E18E7A22414CDC000CC4834 /* TranslationViewController.swift in Sources */,
				5E18E7A72414E66F00CC4834 /* HiraganaTranslatorAPI.swift in Sources */,
				5EC2AC7824169042006A1113 /* UIView-extensions.swift in Sources */,
				5E18E7A92414E67B00CC4834 /* HiraganaTranslatorEntity.swift in Sources */,
				5E8A611A241144CD00B16CCC /* AppDelegate.swift in Sources */,
				5E18E7B52415346E00CC4834 /* AppConst.swift in Sources */,
			);
			runOnlyForDeploymentPostprocessing = 0;
		};
/* End PBXSourcesBuildPhase section */

/* Begin PBXVariantGroup section */
		5E8A6122241144CF00B16CCC /* LaunchScreen.storyboard */ = {
			isa = PBXVariantGroup;
			children = (
				5E8A6123241144CF00B16CCC /* Base */,
			);
			name = LaunchScreen.storyboard;
			sourceTree = "<group>";
		};
/* End PBXVariantGroup section */

/* Begin XCBuildConfiguration section */
		5E8A6126241144CF00B16CCC /* Debug */ = {
			isa = XCBuildConfiguration;
			buildSettings = {
				ALWAYS_SEARCH_USER_PATHS = NO;
				CLANG_ANALYZER_NONNULL = YES;
				CLANG_ANALYZER_NUMBER_OBJECT_CONVERSION = YES_AGGRESSIVE;
				CLANG_CXX_LANGUAGE_STANDARD = "gnu++14";
				CLANG_CXX_LIBRARY = "libc++";
				CLANG_ENABLE_MODULES = YES;
				CLANG_ENABLE_OBJC_ARC = YES;
				CLANG_ENABLE_OBJC_WEAK = YES;
				CLANG_WARN_BLOCK_CAPTURE_AUTORELEASING = YES;
				CLANG_WARN_BOOL_CONVERSION = YES;
				CLANG_WARN_COMMA = YES;
				CLANG_WARN_CONSTANT_CONVERSION = YES;
				CLANG_WARN_DEPRECATED_OBJC_IMPLEMENTATIONS = YES;
				CLANG_WARN_DIRECT_OBJC_ISA_USAGE = YES_ERROR;
				CLANG_WARN_DOCUMENTATION_COMMENTS = YES;
				CLANG_WARN_EMPTY_BODY = YES;
				CLANG_WARN_ENUM_CONVERSION = YES;
				CLANG_WARN_INFINITE_RECURSION = YES;
				CLANG_WARN_INT_CONVERSION = YES;
				CLANG_WARN_NON_LITERAL_NULL_CONVERSION = YES;
				CLANG_WARN_OBJC_IMPLICIT_RETAIN_SELF = YES;
				CLANG_WARN_OBJC_LITERAL_CONVERSION = YES;
				CLANG_WARN_OBJC_ROOT_CLASS = YES_ERROR;
				CLANG_WARN_RANGE_LOOP_ANALYSIS = YES;
				CLANG_WARN_STRICT_PROTOTYPES = YES;
				CLANG_WARN_SUSPICIOUS_MOVE = YES;
				CLANG_WARN_UNGUARDED_AVAILABILITY = YES_AGGRESSIVE;
				CLANG_WARN_UNREACHABLE_CODE = YES;
				CLANG_WARN__DUPLICATE_METHOD_MATCH = YES;
				CODE_SIGN_IDENTITY = "iPhone Developer";
				COPY_PHASE_STRIP = NO;
				DEBUG_INFORMATION_FORMAT = dwarf;
				ENABLE_STRICT_OBJC_MSGSEND = YES;
				ENABLE_TESTABILITY = YES;
				GCC_C_LANGUAGE_STANDARD = gnu11;
				GCC_DYNAMIC_NO_PIC = NO;
				GCC_NO_COMMON_BLOCKS = YES;
				GCC_OPTIMIZATION_LEVEL = 0;
				GCC_PREPROCESSOR_DEFINITIONS = (
					"DEBUG=1",
					"$(inherited)",
				);
				GCC_WARN_64_TO_32_BIT_CONVERSION = YES;
				GCC_WARN_ABOUT_RETURN_TYPE = YES_ERROR;
				GCC_WARN_UNDECLARED_SELECTOR = YES;
				GCC_WARN_UNINITIALIZED_AUTOS = YES_AGGRESSIVE;
				GCC_WARN_UNUSED_FUNCTION = YES;
				GCC_WARN_UNUSED_VARIABLE = YES;
				IPHONEOS_DEPLOYMENT_TARGET = 12.2;
				MTL_ENABLE_DEBUG_INFO = INCLUDE_SOURCE;
				MTL_FAST_MATH = YES;
				ONLY_ACTIVE_ARCH = YES;
				SDKROOT = iphoneos;
				SWIFT_ACTIVE_COMPILATION_CONDITIONS = DEBUG;
				SWIFT_OPTIMIZATION_LEVEL = "-Onone";
			};
			name = Debug;
		};
		5E8A6127241144CF00B16CCC /* Release */ = {
			isa = XCBuildConfiguration;
			buildSettings = {
				ALWAYS_SEARCH_USER_PATHS = NO;
				CLANG_ANALYZER_NONNULL = YES;
				CLANG_ANALYZER_NUMBER_OBJECT_CONVERSION = YES_AGGRESSIVE;
				CLANG_CXX_LANGUAGE_STANDARD = "gnu++14";
				CLANG_CXX_LIBRARY = "libc++";
				CLANG_ENABLE_MODULES = YES;
				CLANG_ENABLE_OBJC_ARC = YES;
				CLANG_ENABLE_OBJC_WEAK = YES;
				CLANG_WARN_BLOCK_CAPTURE_AUTORELEASING = YES;
				CLANG_WARN_BOOL_CONVERSION = YES;
				CLANG_WARN_COMMA = YES;
				CLANG_WARN_CONSTANT_CONVERSION = YES;
				CLANG_WARN_DEPRECATED_OBJC_IMPLEMENTATIONS = YES;
				CLANG_WARN_DIRECT_OBJC_ISA_USAGE = YES_ERROR;
				CLANG_WARN_DOCUMENTATION_COMMENTS = YES;
				CLANG_WARN_EMPTY_BODY = YES;
				CLANG_WARN_ENUM_CONVERSION = YES;
				CLANG_WARN_INFINITE_RECURSION = YES;
				CLANG_WARN_INT_CONVERSION = YES;
				CLANG_WARN_NON_LITERAL_NULL_CONVERSION = YES;
				CLANG_WARN_OBJC_IMPLICIT_RETAIN_SELF = YES;
				CLANG_WARN_OBJC_LITERAL_CONVERSION = YES;
				CLANG_WARN_OBJC_ROOT_CLASS = YES_ERROR;
				CLANG_WARN_RANGE_LOOP_ANALYSIS = YES;
				CLANG_WARN_STRICT_PROTOTYPES = YES;
				CLANG_WARN_SUSPICIOUS_MOVE = YES;
				CLANG_WARN_UNGUARDED_AVAILABILITY = YES_AGGRESSIVE;
				CLANG_WARN_UNREACHABLE_CODE = YES;
				CLANG_WARN__DUPLICATE_METHOD_MATCH = YES;
				CODE_SIGN_IDENTITY = "iPhone Developer";
				COPY_PHASE_STRIP = NO;
				DEBUG_INFORMATION_FORMAT = "dwarf-with-dsym";
				ENABLE_NS_ASSERTIONS = NO;
				ENABLE_STRICT_OBJC_MSGSEND = YES;
				GCC_C_LANGUAGE_STANDARD = gnu11;
				GCC_NO_COMMON_BLOCKS = YES;
				GCC_WARN_64_TO_32_BIT_CONVERSION = YES;
				GCC_WARN_ABOUT_RETURN_TYPE = YES_ERROR;
				GCC_WARN_UNDECLARED_SELECTOR = YES;
				GCC_WARN_UNINITIALIZED_AUTOS = YES_AGGRESSIVE;
				GCC_WARN_UNUSED_FUNCTION = YES;
				GCC_WARN_UNUSED_VARIABLE = YES;
				IPHONEOS_DEPLOYMENT_TARGET = 12.2;
				MTL_ENABLE_DEBUG_INFO = NO;
				MTL_FAST_MATH = YES;
				SDKROOT = iphoneos;
				SWIFT_COMPILATION_MODE = wholemodule;
				SWIFT_OPTIMIZATION_LEVEL = "-O";
				VALIDATE_PRODUCT = YES;
			};
			name = Release;
		};
		5E8A6129241144CF00B16CCC /* Debug */ = {
			isa = XCBuildConfiguration;
			buildSettings = {
				ASSETCATALOG_COMPILER_APPICON_NAME = AppIcon;
				CODE_SIGN_IDENTITY = "iPhone Developer";
				CODE_SIGN_STYLE = Automatic;
				DEVELOPMENT_TEAM = 7H9CW555FJ;
				FRAMEWORK_SEARCH_PATHS = (
					"$(inherited)",
					"$(PROJECT_DIR)/Carthage/Build/iOS",
				);
				INFOPLIST_FILE = "$(SRCROOT)/HiraganaTranslationApp/Resources/Info.plist";
				IPHONEOS_DEPLOYMENT_TARGET = 12.0;
				LD_RUNPATH_SEARCH_PATHS = (
					"$(inherited)",
					"@executable_path/Frameworks",
				);
				PRODUCT_BUNDLE_IDENTIFIER = com.nabeshun.HiraganaTranslationApp;
				PRODUCT_NAME = "$(TARGET_NAME)";
				PROVISIONING_PROFILE_SPECIFIER = "";
				SWIFT_VERSION = 5.0;
				TARGETED_DEVICE_FAMILY = "1,2";
			};
			name = Debug;
		};
		5E8A612A241144CF00B16CCC /* Release */ = {
			isa = XCBuildConfiguration;
			buildSettings = {
				ASSETCATALOG_COMPILER_APPICON_NAME = AppIcon;
				CODE_SIGN_IDENTITY = "iPhone Developer";
				CODE_SIGN_STYLE = Automatic;
				DEVELOPMENT_TEAM = 7H9CW555FJ;
				FRAMEWORK_SEARCH_PATHS = (
					"$(inherited)",
					"$(PROJECT_DIR)/Carthage/Build/iOS",
				);
				INFOPLIST_FILE = "$(SRCROOT)/HiraganaTranslationApp/Resources/Info.plist";
				IPHONEOS_DEPLOYMENT_TARGET = 12.0;
				LD_RUNPATH_SEARCH_PATHS = (
					"$(inherited)",
					"@executable_path/Frameworks",
				);
				PRODUCT_BUNDLE_IDENTIFIER = com.nabeshun.HiraganaTranslationApp;
				PRODUCT_NAME = "$(TARGET_NAME)";
				PROVISIONING_PROFILE_SPECIFIER = "";
				SWIFT_VERSION = 5.0;
				TARGETED_DEVICE_FAMILY = "1,2";
			};
			name = Release;
		};
/* End XCBuildConfiguration section */

/* Begin XCConfigurationList section */
		5E8A6111241144CD00B16CCC /* Build configuration list for PBXProject "HiraganaTranslationApp" */ = {
			isa = XCConfigurationList;
			buildConfigurations = (
				5E8A6126241144CF00B16CCC /* Debug */,
				5E8A6127241144CF00B16CCC /* Release */,
			);
			defaultConfigurationIsVisible = 0;
			defaultConfigurationName = Release;
		};
		5E8A6128241144CF00B16CCC /* Build configuration list for PBXNativeTarget "HiraganaTranslationApp" */ = {
			isa = XCConfigurationList;
			buildConfigurations = (
				5E8A6129241144CF00B16CCC /* Debug */,
				5E8A612A241144CF00B16CCC /* Release */,
			);
			defaultConfigurationIsVisible = 0;
			defaultConfigurationName = Release;
		};
/* End XCConfigurationList section */
	};
	rootObject = 5E8A610E241144CD00B16CCC /* Project object */;
}
